<?xml version="1.0" encoding="utf-8"?>
<Project ToolsVersion="4.0" xmlns="http://schemas.microsoft.com/developer/msbuild/2003">
  <ItemGroup>
    <ClInclude Include="..\..\examples\uart\metron\uart_hello.h" />
    <ClInclude Include="..\..\examples\uart\metron\uart_rx.h" />
    <ClInclude Include="..\..\examples\uart\metron\uart_top.h" />
    <ClInclude Include="..\..\examples\uart\metron\uart_tx.h" />
  </ItemGroup>
  <ItemGroup>
    <ClCompile Include="..\..\examples\uart\main.cpp" />
  </ItemGroup>
  <ItemGroup>
    <None Include="..\..\examples\uart\metron_sv\uart_hello.sv">
      <Filter>sv</Filter>
    </None>
    <None Include="..\..\examples\uart\metron_sv\uart_rx.sv">
      <Filter>sv</Filter>
    </None>
    <None Include="..\..\examples\uart\metron_sv\uart_top.sv">
      <Filter>sv</Filter>
    </None>
    <None Include="..\..\examples\uart\metron_sv\uart_tx.sv">
      <Filter>sv</Filter>
    </None>
  </ItemGroup>
  <ItemGroup>
    <Filter Include="sv">
      <UniqueIdentifier>{8bf5acc6-1fb5-4ead-b3df-34011c13b252}</UniqueIdentifier>
    </Filter>
  </ItemGroup>
</Project>