<?xml version="1.0" encoding="utf-8"?>
<Project ToolsVersion="4.0" xmlns="http://schemas.microsoft.com/developer/msbuild/2003">
  <ItemGroup>
    <ClInclude Include="..\..\examples\uart\metron\uart_hello.h" />
    <ClInclude Include="..\..\examples\uart\metron\uart_rx.h" />
    <ClInclude Include="..\..\examples\uart\metron\uart_top.h" />
    <ClInclude Include="..\..\examples\uart\metron\uart_tx.h" />
  </ItemGroup>
  <ItemGroup>
    <ClCompile Include="..\..\examples\uart\main.cpp" />
  </ItemGroup>
</Project>