
Microsoft Visual Studio Solution File, Format Version 12.00
# Visual Studio Version 17
VisualStudioVersion = 17.1.32228.430
MinimumVisualStudioVersion = 10.0.40219.1
Project("{8BC9CEB8-8B4A-11D0-8D11-00A0C91BC942}") = "MetronApp", "MetronApp\MetronApp.vcxproj", "{ADB29E5E-5558-4FFC-A20A-E65F9E0DD603}"
EndProject
Project("{8BC9CEB8-8B4A-11D0-8D11-00A0C91BC942}") = "MetronLib", "MetronLib\MetronLib.vcxproj", "{6220C68C-E477-4880-A35A-C321167D9141}"
EndProject
Project("{8BC9CEB8-8B4A-11D0-8D11-00A0C91BC942}") = "MetronTest", "MetronTest\MetronTest.vcxproj", "{E335445A-590D-446A-9013-2338EA960113}"
EndProject
Project("{8BC9CEB8-8B4A-11D0-8D11-00A0C91BC942}") = "rvsimple_test", "rvsimple_test\rvsimple_test.vcxproj", "{05C9E889-4D3C-42CD-B608-3E05A7AAC97B}"
EndProject
Project("{8BC9CEB8-8B4A-11D0-8D11-00A0C91BC942}") = "uart_test", "uart_test\uart_test.vcxproj", "{721F48AF-DA9A-4ECA-AC65-979C195BEAB9}"
EndProject
Project("{2150E333-8FDC-42A3-9474-1A3956D46DE8}") = "Linux", "Linux", "{DCA4F897-6325-4F67-96F4-3A3C0E693FE0}"
	ProjectSection(SolutionItems) = preProject
		..\build.ninja = ..\build.ninja
		..\build.py = ..\build.py
		..\LICENSE = ..\LICENSE
		..\metron_todo = ..\metron_todo
		..\ninja_syntax.py = ..\ninja_syntax.py
		..\README.md = ..\README.md
		..\run_tests.py = ..\run_tests.py
		..\scratch.h = ..\scratch.h
	EndProjectSection
EndProject
Project("{8BC9CEB8-8B4A-11D0-8D11-00A0C91BC942}") = "rvtiny_metron", "rvtiny_test\rvtiny_test.vcxproj", "{94A92DEF-DD9A-4873-AB69-5D8E20817CBC}"
EndProject
Project("{8BC9CEB8-8B4A-11D0-8D11-00A0C91BC942}") = "Pong", "Pong\Pong.vcxproj", "{218FA6DA-12F9-4E2B-983E-6AAF4824A767}"
EndProject
Global
	GlobalSection(SolutionConfigurationPlatforms) = preSolution
		Debug|x64 = Debug|x64
		Debug|x86 = Debug|x86
		Release|x64 = Release|x64
		Release|x86 = Release|x86
	EndGlobalSection
	GlobalSection(ProjectConfigurationPlatforms) = postSolution
		{ADB29E5E-5558-4FFC-A20A-E65F9E0DD603}.Debug|x64.ActiveCfg = Debug|x64
		{ADB29E5E-5558-4FFC-A20A-E65F9E0DD603}.Debug|x64.Build.0 = Debug|x64
		{ADB29E5E-5558-4FFC-A20A-E65F9E0DD603}.Debug|x86.ActiveCfg = Debug|x64
		{ADB29E5E-5558-4FFC-A20A-E65F9E0DD603}.Debug|x86.Build.0 = Debug|x64
		{ADB29E5E-5558-4FFC-A20A-E65F9E0DD603}.Release|x64.ActiveCfg = Release|x64
		{ADB29E5E-5558-4FFC-A20A-E65F9E0DD603}.Release|x64.Build.0 = Release|x64
		{ADB29E5E-5558-4FFC-A20A-E65F9E0DD603}.Release|x86.ActiveCfg = Release|x64
		{ADB29E5E-5558-4FFC-A20A-E65F9E0DD603}.Release|x86.Build.0 = Release|x64
		{6220C68C-E477-4880-A35A-C321167D9141}.Debug|x64.ActiveCfg = Debug|x64
		{6220C68C-E477-4880-A35A-C321167D9141}.Debug|x64.Build.0 = Debug|x64
		{6220C68C-E477-4880-A35A-C321167D9141}.Debug|x86.ActiveCfg = Debug|x64
		{6220C68C-E477-4880-A35A-C321167D9141}.Debug|x86.Build.0 = Debug|x64
		{6220C68C-E477-4880-A35A-C321167D9141}.Release|x64.ActiveCfg = Release|x64
		{6220C68C-E477-4880-A35A-C321167D9141}.Release|x64.Build.0 = Release|x64
		{6220C68C-E477-4880-A35A-C321167D9141}.Release|x86.ActiveCfg = Release|x64
		{6220C68C-E477-4880-A35A-C321167D9141}.Release|x86.Build.0 = Release|x64
		{E335445A-590D-446A-9013-2338EA960113}.Debug|x64.ActiveCfg = Debug|x64
		{E335445A-590D-446A-9013-2338EA960113}.Debug|x64.Build.0 = Debug|x64
		{E335445A-590D-446A-9013-2338EA960113}.Debug|x86.ActiveCfg = Debug|x64
		{E335445A-590D-446A-9013-2338EA960113}.Debug|x86.Build.0 = Debug|x64
		{E335445A-590D-446A-9013-2338EA960113}.Release|x64.ActiveCfg = Release|x64
		{E335445A-590D-446A-9013-2338EA960113}.Release|x64.Build.0 = Release|x64
		{E335445A-590D-446A-9013-2338EA960113}.Release|x86.ActiveCfg = Release|x64
		{E335445A-590D-446A-9013-2338EA960113}.Release|x86.Build.0 = Release|x64
		{05C9E889-4D3C-42CD-B608-3E05A7AAC97B}.Debug|x64.ActiveCfg = Debug|x64
		{05C9E889-4D3C-42CD-B608-3E05A7AAC97B}.Debug|x64.Build.0 = Debug|x64
		{05C9E889-4D3C-42CD-B608-3E05A7AAC97B}.Debug|x86.ActiveCfg = Debug|x64
		{05C9E889-4D3C-42CD-B608-3E05A7AAC97B}.Debug|x86.Build.0 = Debug|x64
		{05C9E889-4D3C-42CD-B608-3E05A7AAC97B}.Release|x64.ActiveCfg = Release|x64
		{05C9E889-4D3C-42CD-B608-3E05A7AAC97B}.Release|x64.Build.0 = Release|x64
		{05C9E889-4D3C-42CD-B608-3E05A7AAC97B}.Release|x86.ActiveCfg = Release|x64
		{05C9E889-4D3C-42CD-B608-3E05A7AAC97B}.Release|x86.Build.0 = Release|x64
		{721F48AF-DA9A-4ECA-AC65-979C195BEAB9}.Debug|x64.ActiveCfg = Debug|x64
		{721F48AF-DA9A-4ECA-AC65-979C195BEAB9}.Debug|x64.Build.0 = Debug|x64
		{721F48AF-DA9A-4ECA-AC65-979C195BEAB9}.Debug|x86.ActiveCfg = Debug|x64
		{721F48AF-DA9A-4ECA-AC65-979C195BEAB9}.Debug|x86.Build.0 = Debug|x64
		{721F48AF-DA9A-4ECA-AC65-979C195BEAB9}.Release|x64.ActiveCfg = Release|x64
		{721F48AF-DA9A-4ECA-AC65-979C195BEAB9}.Release|x64.Build.0 = Release|x64
		{721F48AF-DA9A-4ECA-AC65-979C195BEAB9}.Release|x86.ActiveCfg = Release|x64
		{721F48AF-DA9A-4ECA-AC65-979C195BEAB9}.Release|x86.Build.0 = Release|x64
		{94A92DEF-DD9A-4873-AB69-5D8E20817CBC}.Debug|x64.ActiveCfg = Debug|x64
		{94A92DEF-DD9A-4873-AB69-5D8E20817CBC}.Debug|x64.Build.0 = Debug|x64
		{94A92DEF-DD9A-4873-AB69-5D8E20817CBC}.Debug|x86.ActiveCfg = Debug|x64
		{94A92DEF-DD9A-4873-AB69-5D8E20817CBC}.Debug|x86.Build.0 = Debug|x64
		{94A92DEF-DD9A-4873-AB69-5D8E20817CBC}.Release|x64.ActiveCfg = Release|x64
		{94A92DEF-DD9A-4873-AB69-5D8E20817CBC}.Release|x64.Build.0 = Release|x64
		{94A92DEF-DD9A-4873-AB69-5D8E20817CBC}.Release|x86.ActiveCfg = Release|x64
		{94A92DEF-DD9A-4873-AB69-5D8E20817CBC}.Release|x86.Build.0 = Release|x64
		{218FA6DA-12F9-4E2B-983E-6AAF4824A767}.Debug|x64.ActiveCfg = Debug|x64
		{218FA6DA-12F9-4E2B-983E-6AAF4824A767}.Debug|x64.Build.0 = Debug|x64
		{218FA6DA-12F9-4E2B-983E-6AAF4824A767}.Debug|x86.ActiveCfg = Debug|Win32
		{218FA6DA-12F9-4E2B-983E-6AAF4824A767}.Debug|x86.Build.0 = Debug|Win32
		{218FA6DA-12F9-4E2B-983E-6AAF4824A767}.Release|x64.ActiveCfg = Release|x64
		{218FA6DA-12F9-4E2B-983E-6AAF4824A767}.Release|x64.Build.0 = Release|x64
		{218FA6DA-12F9-4E2B-983E-6AAF4824A767}.Release|x86.ActiveCfg = Release|Win32
		{218FA6DA-12F9-4E2B-983E-6AAF4824A767}.Release|x86.Build.0 = Release|Win32
	EndGlobalSection
	GlobalSection(SolutionProperties) = preSolution
		HideSolutionNode = FALSE
	EndGlobalSection
	GlobalSection(ExtensibilityGlobals) = postSolution
		SolutionGuid = {08120CEB-80C4-435E-A4A6-E9DD2170BF34}
	EndGlobalSection
EndGlobal
