<?xml version="1.0" encoding="utf-8"?>
<Project ToolsVersion="4.0" xmlns="http://schemas.microsoft.com/developer/msbuild/2003">
  <ItemGroup>
    <ClInclude Include="..\..\src\MtModLibrary.h" />
    <ClInclude Include="..\..\src\MtModule.h" />
    <ClInclude Include="..\..\src\MtNode.h" />
    <ClInclude Include="..\..\src\MtSourceFile.h" />
    <ClInclude Include="..\..\src\MtTracer.h" />
    <ClInclude Include="..\..\src\metron_tools.h">
      <Filter>utils</Filter>
    </ClInclude>
    <ClInclude Include="..\..\src\Platform.h">
      <Filter>utils</Filter>
    </ClInclude>
    <ClInclude Include="..\..\src\TreeSymbols.h">
      <Filter>utils</Filter>
    </ClInclude>
    <ClInclude Include="..\..\submodules\tree-sitter\lib\include\tree_sitter\api.h">
      <Filter>tree-sitter</Filter>
    </ClInclude>
    <ClInclude Include="..\..\src\Log.h">
      <Filter>utils</Filter>
    </ClInclude>
    <ClInclude Include="..\..\src\Err.h">
      <Filter>utils</Filter>
    </ClInclude>
  </ItemGroup>
  <ItemGroup>
    <ClCompile Include="..\..\src\MtModLibrary.cpp" />
    <ClCompile Include="..\..\src\MtModule.cpp" />
    <ClCompile Include="..\..\src\MtNode.cpp" />
    <ClCompile Include="..\..\src\MtSourceFile.cpp" />
    <ClCompile Include="..\..\src\MtTracer.cpp" />
    <ClCompile Include="..\..\submodules\tree-sitter\lib\src\lib.c">
      <Filter>tree-sitter</Filter>
    </ClCompile>
    <ClCompile Include="..\..\submodules\tree-sitter-cpp\src\scanner.cc">
      <Filter>tree-sitter</Filter>
    </ClCompile>
    <ClCompile Include="..\..\submodules\tree-sitter-cpp\src\parser.c">
      <Filter>tree-sitter</Filter>
    </ClCompile>
    <ClCompile Include="..\..\src\Platform.cpp">
      <Filter>utils</Filter>
    </ClCompile>
    <ClCompile Include="..\..\src\Log.cpp">
      <Filter>utils</Filter>
    </ClCompile>
    <ClCompile Include="..\..\src\metron_tools.cpp">
      <Filter>utils</Filter>
    </ClCompile>
    <ClCompile Include="..\..\src\Err.cpp">
      <Filter>utils</Filter>
    </ClCompile>
  </ItemGroup>
  <ItemGroup>
    <None Include="..\..\src\README.md" />
    <None Include="..\..\src\metron_tools.sv">
      <Filter>utils</Filter>
    </None>
  </ItemGroup>
  <ItemGroup>
    <Filter Include="tree-sitter">
      <UniqueIdentifier>{dae12e9a-a65f-43bf-9825-ba0ed8496905}</UniqueIdentifier>
    </Filter>
    <Filter Include="utils">
      <UniqueIdentifier>{f1c6c8e4-7c18-4022-862a-33bfb8087902}</UniqueIdentifier>
    </Filter>
  </ItemGroup>
</Project>